
Microsoft Visual Studio Solution File, Format Version 12.00
# Visual Studio 15
VisualStudioVersion = 15.0.28010.2003
MinimumVisualStudioVersion = 10.0.40219.1
Project("{9A19103F-16F7-4668-BE54-9A1E7A4F7556}") = "SportFixtures.Portal", "SportFixtures.Portal\SportFixtures.Portal.csproj", "{D687955B-8C11-4C32-B910-214004A6BB55}"
EndProject
Project("{9A19103F-16F7-4668-BE54-9A1E7A4F7556}") = "SportFixtures.Data", "SportFixtures.Data\SportFixtures.Data.csproj", "{E2A6A0C4-3AF5-4018-9C0D-3EE47B9838E4}"
EndProject
Project("{9A19103F-16F7-4668-BE54-9A1E7A4F7556}") = "SportFixtures.Test", "SportFixtures.Test\SportFixtures.Test.csproj", "{33167DC9-4CD6-4562-B984-251722DA7FE9}"
EndProject
Project("{9A19103F-16F7-4668-BE54-9A1E7A4F7556}") = "SportFixtures.Data.Repository", "SportFixtures.Data.Repository\SportFixtures.Data.Repository.csproj", "{C7C9A5A5-22D0-400E-9007-F8F0D1A63764}"
EndProject
Project("{9A19103F-16F7-4668-BE54-9A1E7A4F7556}") = "SportFixtures.Data.Access", "SportFixtures.Data.Access\SportFixtures.Data.Access.csproj", "{AE491973-24FC-48C4-96B5-381844888517}"
EndProject
Project("{9A19103F-16F7-4668-BE54-9A1E7A4F7556}") = "SportFixtures.BusinessLogic", "SportFixtures.BusinessLogic\SportFixtures.BusinessLogic.csproj", "{52ACEE54-4702-40E2-97EF-82771FDBD17C}"
EndProject
Project("{FAE04EC0-301F-11D3-BF4B-00C04F79EFBC}") = "SportFixtures.Exceptions", "SportFixtures.Exceptions\SportFixtures.Exceptions.csproj", "{E24242AC-D897-4124-9D21-2D833B154F2D}"
Project("{9A19103F-16F7-4668-BE54-9A1E7A4F7556}") = "SportFixtures.Exceptions", "SportFixtures.Exceptions\SportFixtures.Exceptions.csproj", "{E24242AC-D897-4124-9D21-2D833B154F2D}"
EndProject
Project("{FAE04EC0-301F-11D3-BF4B-00C04F79EFBC}") = "SportFixtures.BusinessLogic.Implementations", "SportFixtures.BusinessLogic.Implementations\SportFixtures.BusinessLogic.Implementations.csproj", "{F5DC6992-2A14-4B87-840D-1C3D7B9E98F8}"
EndProject
Project("{FAE04EC0-301F-11D3-BF4B-00C04F79EFBC}") = "SportFixtures.FixtureGenerator", "SportFixtures.FixtureGenerator\SportFixtures.FixtureGenerator.csproj", "{5DD3CAC6-53C6-4D0B-B227-C0DA5134DB7C}"
EndProject
Project("{FAE04EC0-301F-11D3-BF4B-00C04F79EFBC}") = "SportFixtures.FixtureGenerator.Implementations", "SportFixtures.FixtureGenerator.Implementations\SportFixtures.FixtureGenerator.Implementations.csproj", "{361A4109-333B-4226-9BA1-B825BA165E4C}"
EndProject
Global
	GlobalSection(SolutionConfigurationPlatforms) = preSolution
		Debug|Any CPU = Debug|Any CPU
		Release|Any CPU = Release|Any CPU
	EndGlobalSection
	GlobalSection(ProjectConfigurationPlatforms) = postSolution
		{D687955B-8C11-4C32-B910-214004A6BB55}.Debug|Any CPU.ActiveCfg = Debug|Any CPU
		{D687955B-8C11-4C32-B910-214004A6BB55}.Debug|Any CPU.Build.0 = Debug|Any CPU
		{D687955B-8C11-4C32-B910-214004A6BB55}.Release|Any CPU.ActiveCfg = Release|Any CPU
		{D687955B-8C11-4C32-B910-214004A6BB55}.Release|Any CPU.Build.0 = Release|Any CPU
		{E2A6A0C4-3AF5-4018-9C0D-3EE47B9838E4}.Debug|Any CPU.ActiveCfg = Debug|Any CPU
		{E2A6A0C4-3AF5-4018-9C0D-3EE47B9838E4}.Debug|Any CPU.Build.0 = Debug|Any CPU
		{E2A6A0C4-3AF5-4018-9C0D-3EE47B9838E4}.Release|Any CPU.ActiveCfg = Release|Any CPU
		{E2A6A0C4-3AF5-4018-9C0D-3EE47B9838E4}.Release|Any CPU.Build.0 = Release|Any CPU
		{33167DC9-4CD6-4562-B984-251722DA7FE9}.Debug|Any CPU.ActiveCfg = Debug|Any CPU
		{33167DC9-4CD6-4562-B984-251722DA7FE9}.Debug|Any CPU.Build.0 = Debug|Any CPU
		{33167DC9-4CD6-4562-B984-251722DA7FE9}.Release|Any CPU.ActiveCfg = Release|Any CPU
		{33167DC9-4CD6-4562-B984-251722DA7FE9}.Release|Any CPU.Build.0 = Release|Any CPU
		{C7C9A5A5-22D0-400E-9007-F8F0D1A63764}.Debug|Any CPU.ActiveCfg = Debug|Any CPU
		{C7C9A5A5-22D0-400E-9007-F8F0D1A63764}.Debug|Any CPU.Build.0 = Debug|Any CPU
		{C7C9A5A5-22D0-400E-9007-F8F0D1A63764}.Release|Any CPU.ActiveCfg = Release|Any CPU
		{C7C9A5A5-22D0-400E-9007-F8F0D1A63764}.Release|Any CPU.Build.0 = Release|Any CPU
		{AE491973-24FC-48C4-96B5-381844888517}.Debug|Any CPU.ActiveCfg = Debug|Any CPU
		{AE491973-24FC-48C4-96B5-381844888517}.Debug|Any CPU.Build.0 = Debug|Any CPU
		{AE491973-24FC-48C4-96B5-381844888517}.Release|Any CPU.ActiveCfg = Release|Any CPU
		{AE491973-24FC-48C4-96B5-381844888517}.Release|Any CPU.Build.0 = Release|Any CPU
		{52ACEE54-4702-40E2-97EF-82771FDBD17C}.Debug|Any CPU.ActiveCfg = Debug|Any CPU
		{52ACEE54-4702-40E2-97EF-82771FDBD17C}.Debug|Any CPU.Build.0 = Debug|Any CPU
		{52ACEE54-4702-40E2-97EF-82771FDBD17C}.Release|Any CPU.ActiveCfg = Release|Any CPU
		{52ACEE54-4702-40E2-97EF-82771FDBD17C}.Release|Any CPU.Build.0 = Release|Any CPU
		{E24242AC-D897-4124-9D21-2D833B154F2D}.Debug|Any CPU.ActiveCfg = Debug|Any CPU
		{E24242AC-D897-4124-9D21-2D833B154F2D}.Debug|Any CPU.Build.0 = Debug|Any CPU
		{E24242AC-D897-4124-9D21-2D833B154F2D}.Release|Any CPU.ActiveCfg = Release|Any CPU
		{E24242AC-D897-4124-9D21-2D833B154F2D}.Release|Any CPU.Build.0 = Release|Any CPU
<<<<<<< HEAD
		{5DD3CAC6-53C6-4D0B-B227-C0DA5134DB7C}.Debug|Any CPU.ActiveCfg = Debug|Any CPU
		{5DD3CAC6-53C6-4D0B-B227-C0DA5134DB7C}.Debug|Any CPU.Build.0 = Debug|Any CPU
		{5DD3CAC6-53C6-4D0B-B227-C0DA5134DB7C}.Release|Any CPU.ActiveCfg = Release|Any CPU
		{5DD3CAC6-53C6-4D0B-B227-C0DA5134DB7C}.Release|Any CPU.Build.0 = Release|Any CPU
		{361A4109-333B-4226-9BA1-B825BA165E4C}.Debug|Any CPU.ActiveCfg = Debug|Any CPU
		{361A4109-333B-4226-9BA1-B825BA165E4C}.Debug|Any CPU.Build.0 = Debug|Any CPU
		{361A4109-333B-4226-9BA1-B825BA165E4C}.Release|Any CPU.ActiveCfg = Release|Any CPU
		{361A4109-333B-4226-9BA1-B825BA165E4C}.Release|Any CPU.Build.0 = Release|Any CPU
=======
		{F5DC6992-2A14-4B87-840D-1C3D7B9E98F8}.Debug|Any CPU.ActiveCfg = Debug|Any CPU
		{F5DC6992-2A14-4B87-840D-1C3D7B9E98F8}.Debug|Any CPU.Build.0 = Debug|Any CPU
		{F5DC6992-2A14-4B87-840D-1C3D7B9E98F8}.Release|Any CPU.ActiveCfg = Release|Any CPU
		{F5DC6992-2A14-4B87-840D-1C3D7B9E98F8}.Release|Any CPU.Build.0 = Release|Any CPU
>>>>>>> 328abd1a03951cef99550a9f479ec1b5b329d960
	EndGlobalSection
	GlobalSection(SolutionProperties) = preSolution
		HideSolutionNode = FALSE
	EndGlobalSection
	GlobalSection(ExtensibilityGlobals) = postSolution
		SolutionGuid = {2BD19850-04C6-4A35-93D8-01834E3B7F45}
	EndGlobalSection
EndGlobal
